{
  "name": "react-coding-challenge",
  "version": "1.0.0",
  "lockfileVersion": 1,
  "requires": true,
  "dependencies": {
    "axios-mock-adapter": {
      "version": "1.14.1",
      "resolved": "https://registry.npmjs.org/axios-mock-adapter/-/axios-mock-adapter-1.14.1.tgz",
      "integrity": "sha1-yODuETSVUmdTjVZteuBoviBGcVg=",
      "dev": true,
      "requires": {
        "deep-equal": "1.0.1"
      }
    },
    "deep-equal": {
      "version": "1.0.1",
      "resolved": "https://registry.npmjs.org/deep-equal/-/deep-equal-1.0.1.tgz",
      "integrity": "sha1-9dJgKStmDghO/0zbyfCK0yR0SLU=",
      "dev": true
    }
  }
}
